
Microsoft Visual Studio Solution File, Format Version 12.00
# Visual Studio Version 17
VisualStudioVersion = 17.1.32210.238
MinimumVisualStudioVersion = 10.0.40219.1
Project("{9A19103F-16F7-4668-BE54-9A1E7A4F7556}") = "SSTDataAccess", "SSTDataAccess.csproj", "{DA9E77E7-769E-40FA-9D63-5DE6537A5DD9}"
EndProject
Global
	GlobalSection(SolutionConfigurationPlatforms) = preSolution
		Debug|Any CPU = Debug|Any CPU
		Release|Any CPU = Release|Any CPU
	EndGlobalSection
	GlobalSection(ProjectConfigurationPlatforms) = postSolution
		{DA9E77E7-769E-40FA-9D63-5DE6537A5DD9}.Debug|Any CPU.ActiveCfg = Debug|Any CPU
		{DA9E77E7-769E-40FA-9D63-5DE6537A5DD9}.Debug|Any CPU.Build.0 = Debug|Any CPU
		{DA9E77E7-769E-40FA-9D63-5DE6537A5DD9}.Release|Any CPU.ActiveCfg = Release|Any CPU
		{DA9E77E7-769E-40FA-9D63-5DE6537A5DD9}.Release|Any CPU.Build.0 = Release|Any CPU
	EndGlobalSection
	GlobalSection(SolutionProperties) = preSolution
		HideSolutionNode = FALSE
	EndGlobalSection
	GlobalSection(ExtensibilityGlobals) = postSolution
		SolutionGuid = {58F6CCAD-DD5F-4553-BCD3-6F3FC6ABD1E9}
	EndGlobalSection
EndGlobal
